// !$*UTF8*$!
{
	archiveVersion = 1;
	classes = {
	};
	objectVersion = 56;
	objects = {

/* Begin PBXBuildFile section */
		9C39187628BE4E3500C0D97A /* ApprendreSwiftUIBasicApp.swift in Sources */ = {isa = PBXBuildFile; fileRef = 9C39187528BE4E3500C0D97A /* ApprendreSwiftUIBasicApp.swift */; };
		9C39187828BE4E3500C0D97A /* ContentView.swift in Sources */ = {isa = PBXBuildFile; fileRef = 9C39187728BE4E3500C0D97A /* ContentView.swift */; };
		9C39187A28BE4E3600C0D97A /* Assets.xcassets in Resources */ = {isa = PBXBuildFile; fileRef = 9C39187928BE4E3600C0D97A /* Assets.xcassets */; };
		9C39187D28BE4E3600C0D97A /* Preview Assets.xcassets in Resources */ = {isa = PBXBuildFile; fileRef = 9C39187C28BE4E3600C0D97A /* Preview Assets.xcassets */; };
		9C39188D28BE4E8900C0D97A /* ShapeBasic.swift in Sources */ = {isa = PBXBuildFile; fileRef = 9C39188328BE4E8900C0D97A /* ShapeBasic.swift */; };
		9C39188E28BE4E8900C0D97A /* TextBasic.swift in Sources */ = {isa = PBXBuildFile; fileRef = 9C39188428BE4E8900C0D97A /* TextBasic.swift */; };
		9C39188F28BE4E8900C0D97A /* SFSymbolsBasic.swift in Sources */ = {isa = PBXBuildFile; fileRef = 9C39188528BE4E8900C0D97A /* SFSymbolsBasic.swift */; };
		9C39189028BE4E8900C0D97A /* ContainersBasic.swift in Sources */ = {isa = PBXBuildFile; fileRef = 9C39188628BE4E8900C0D97A /* ContainersBasic.swift */; };
		9C39189128BE4E8900C0D97A /* ImageBasic.swift in Sources */ = {isa = PBXBuildFile; fileRef = 9C39188728BE4E8900C0D97A /* ImageBasic.swift */; };
		9C39189228BE4E8900C0D97A /* PrevisionInfoView.swift in Sources */ = {isa = PBXBuildFile; fileRef = 9C39188928BE4E8900C0D97A /* PrevisionInfoView.swift */; };
		9C39189328BE4E8900C0D97A /* Prevision.swift in Sources */ = {isa = PBXBuildFile; fileRef = 9C39188A28BE4E8900C0D97A /* Prevision.swift */; };
		9C39189428BE4E8900C0D97A /* ForEachBasic.swift in Sources */ = {isa = PBXBuildFile; fileRef = 9C39188B28BE4E8900C0D97A /* ForEachBasic.swift */; };
		9C39189528BE4E8900C0D97A /* ColorBasic.swift in Sources */ = {isa = PBXBuildFile; fileRef = 9C39188C28BE4E8900C0D97A /* ColorBasic.swift */; };
		9C39189828BE4ED800C0D97A /* Times New Roman.ttf in Resources */ = {isa = PBXBuildFile; fileRef = 9C39189728BE4ED800C0D97A /* Times New Roman.ttf */; };
		9C39189D28BE4F0000C0D97A /* WebView.swift in Sources */ = {isa = PBXBuildFile; fileRef = 9C39189A28BE4F0000C0D97A /* WebView.swift */; };
		9C39189E28BE4F0000C0D97A /* Episode.swift in Sources */ = {isa = PBXBuildFile; fileRef = 9C39189C28BE4F0000C0D97A /* Episode.swift */; };
		9C3918A128BE4F3700C0D97A /* EpisodeDetailView.swift in Sources */ = {isa = PBXBuildFile; fileRef = 9C3918A028BE4F3700C0D97A /* EpisodeDetailView.swift */; };
/* End PBXBuildFile section */

/* Begin PBXFileReference section */
		9C39187228BE4E3500C0D97A /* ApprendreSwiftUIBasic.app */ = {isa = PBXFileReference; explicitFileType = wrapper.application; includeInIndex = 0; path = ApprendreSwiftUIBasic.app; sourceTree = BUILT_PRODUCTS_DIR; };
		9C39187528BE4E3500C0D97A /* ApprendreSwiftUIBasicApp.swift */ = {isa = PBXFileReference; lastKnownFileType = sourcecode.swift; path = ApprendreSwiftUIBasicApp.swift; sourceTree = "<group>"; };
		9C39187728BE4E3500C0D97A /* ContentView.swift */ = {isa = PBXFileReference; lastKnownFileType = sourcecode.swift; path = ContentView.swift; sourceTree = "<group>"; };
		9C39187928BE4E3600C0D97A /* Assets.xcassets */ = {isa = PBXFileReference; lastKnownFileType = folder.assetcatalog; path = Assets.xcassets; sourceTree = "<group>"; };
		9C39187C28BE4E3600C0D97A /* Preview Assets.xcassets */ = {isa = PBXFileReference; lastKnownFileType = folder.assetcatalog; path = "Preview Assets.xcassets"; sourceTree = "<group>"; };
		9C39188328BE4E8900C0D97A /* ShapeBasic.swift */ = {isa = PBXFileReference; fileEncoding = 4; lastKnownFileType = sourcecode.swift; path = ShapeBasic.swift; sourceTree = "<group>"; };
		9C39188428BE4E8900C0D97A /* TextBasic.swift */ = {isa = PBXFileReference; fileEncoding = 4; lastKnownFileType = sourcecode.swift; path = TextBasic.swift; sourceTree = "<group>"; };
		9C39188528BE4E8900C0D97A /* SFSymbolsBasic.swift */ = {isa = PBXFileReference; fileEncoding = 4; lastKnownFileType = sourcecode.swift; path = SFSymbolsBasic.swift; sourceTree = "<group>"; };
		9C39188628BE4E8900C0D97A /* ContainersBasic.swift */ = {isa = PBXFileReference; fileEncoding = 4; lastKnownFileType = sourcecode.swift; path = ContainersBasic.swift; sourceTree = "<group>"; };
		9C39188728BE4E8900C0D97A /* ImageBasic.swift */ = {isa = PBXFileReference; fileEncoding = 4; lastKnownFileType = sourcecode.swift; path = ImageBasic.swift; sourceTree = "<group>"; };
		9C39188928BE4E8900C0D97A /* PrevisionInfoView.swift */ = {isa = PBXFileReference; fileEncoding = 4; lastKnownFileType = sourcecode.swift; path = PrevisionInfoView.swift; sourceTree = "<group>"; };
		9C39188A28BE4E8900C0D97A /* Prevision.swift */ = {isa = PBXFileReference; fileEncoding = 4; lastKnownFileType = sourcecode.swift; path = Prevision.swift; sourceTree = "<group>"; };
		9C39188B28BE4E8900C0D97A /* ForEachBasic.swift */ = {isa = PBXFileReference; fileEncoding = 4; lastKnownFileType = sourcecode.swift; path = ForEachBasic.swift; sourceTree = "<group>"; };
		9C39188C28BE4E8900C0D97A /* ColorBasic.swift */ = {isa = PBXFileReference; fileEncoding = 4; lastKnownFileType = sourcecode.swift; path = ColorBasic.swift; sourceTree = "<group>"; };
		9C39189728BE4ED800C0D97A /* Times New Roman.ttf */ = {isa = PBXFileReference; lastKnownFileType = file; path = "Times New Roman.ttf"; sourceTree = "<group>"; };
		9C39189A28BE4F0000C0D97A /* WebView.swift */ = {isa = PBXFileReference; fileEncoding = 4; lastKnownFileType = sourcecode.swift; path = WebView.swift; sourceTree = "<group>"; };
		9C39189C28BE4F0000C0D97A /* Episode.swift */ = {isa = PBXFileReference; fileEncoding = 4; lastKnownFileType = sourcecode.swift; path = Episode.swift; sourceTree = "<group>"; };
		9C3918A028BE4F3700C0D97A /* EpisodeDetailView.swift */ = {isa = PBXFileReference; fileEncoding = 4; lastKnownFileType = sourcecode.swift; path = EpisodeDetailView.swift; sourceTree = "<group>"; };
/* End PBXFileReference section */

/* Begin PBXFrameworksBuildPhase section */
		9C39186F28BE4E3500C0D97A /* Frameworks */ = {
			isa = PBXFrameworksBuildPhase;
			buildActionMask = 2147483647;
			files = (
			);
			runOnlyForDeploymentPostprocessing = 0;
		};
/* End PBXFrameworksBuildPhase section */

/* Begin PBXGroup section */
		9C39186928BE4E3500C0D97A = {
			isa = PBXGroup;
			children = (
				9C39187428BE4E3500C0D97A /* ApprendreSwiftUIBasic */,
				9C39187328BE4E3500C0D97A /* Products */,
			);
			sourceTree = "<group>";
		};
		9C39187328BE4E3500C0D97A /* Products */ = {
			isa = PBXGroup;
			children = (
				9C39187228BE4E3500C0D97A /* ApprendreSwiftUIBasic.app */,
			);
			name = Products;
			sourceTree = "<group>";
		};
		9C39187428BE4E3500C0D97A /* ApprendreSwiftUIBasic */ = {
			isa = PBXGroup;
			children = (
				9C39188428BE4E8900C0D97A /* TextBasic.swift */,
				9C39188328BE4E8900C0D97A /* ShapeBasic.swift */,
				9C39188728BE4E8900C0D97A /* ImageBasic.swift */,
				9C39188C28BE4E8900C0D97A /* ColorBasic.swift */,
				9C39188628BE4E8900C0D97A /* ContainersBasic.swift */,
				9C39188528BE4E8900C0D97A /* SFSymbolsBasic.swift */,
				9C39188828BE4E8900C0D97A /* Cours ForEach */,
				9C39187928BE4E3600C0D97A /* Assets.xcassets */,
				9C39189F28BE4F0800C0D97A /* Configuration projet */,
				9C39189628BE4ED800C0D97A /* Ressources SwiftUI Basic */,
				9C39187B28BE4E3600C0D97A /* Preview Content */,
			);
			path = ApprendreSwiftUIBasic;
			sourceTree = "<group>";
		};
		9C39187B28BE4E3600C0D97A /* Preview Content */ = {
			isa = PBXGroup;
			children = (
				9C39187C28BE4E3600C0D97A /* Preview Assets.xcassets */,
			);
			path = "Preview Content";
			sourceTree = "<group>";
		};
		9C39188828BE4E8900C0D97A /* Cours ForEach */ = {
			isa = PBXGroup;
			children = (
				9C39188928BE4E8900C0D97A /* PrevisionInfoView.swift */,
				9C39188A28BE4E8900C0D97A /* Prevision.swift */,
				9C39188B28BE4E8900C0D97A /* ForEachBasic.swift */,
			);
			path = "Cours ForEach";
			sourceTree = "<group>";
		};
		9C39189628BE4ED800C0D97A /* Ressources SwiftUI Basic */ = {
			isa = PBXGroup;
			children = (
				9C39189728BE4ED800C0D97A /* Times New Roman.ttf */,
			);
			path = "Ressources SwiftUI Basic";
			sourceTree = "<group>";
		};
		9C39189928BE4F0000C0D97A /* Representable */ = {
			isa = PBXGroup;
			children = (
				9C39189A28BE4F0000C0D97A /* WebView.swift */,
			);
			path = Representable;
			sourceTree = "<group>";
		};
		9C39189B28BE4F0000C0D97A /* Model */ = {
			isa = PBXGroup;
			children = (
				9C39189C28BE4F0000C0D97A /* Episode.swift */,
			);
			path = Model;
			sourceTree = "<group>";
		};
		9C39189F28BE4F0800C0D97A /* Configuration projet */ = {
			isa = PBXGroup;
			children = (
				9C3918A328BE4FE800C0D97A /* Main */,
				9C3918A228BE4F4400C0D97A /* Views */,
				9C39189B28BE4F0000C0D97A /* Model */,
				9C39189928BE4F0000C0D97A /* Representable */,
			);
			path = "Configuration projet";
			sourceTree = "<group>";
		};
		9C3918A228BE4F4400C0D97A /* Views */ = {
			isa = PBXGroup;
			children = (
				9C39187728BE4E3500C0D97A /* ContentView.swift */,
				9C3918A028BE4F3700C0D97A /* EpisodeDetailView.swift */,
			);
			path = Views;
			sourceTree = "<group>";
		};
		9C3918A328BE4FE800C0D97A /* Main */ = {
			isa = PBXGroup;
			children = (
				9C39187528BE4E3500C0D97A /* ApprendreSwiftUIBasicApp.swift */,
			);
			path = Main;
			sourceTree = "<group>";
		};
/* End PBXGroup section */

/* Begin PBXNativeTarget section */
		9C39187128BE4E3500C0D97A /* ApprendreSwiftUIBasic */ = {
			isa = PBXNativeTarget;
			buildConfigurationList = 9C39188028BE4E3600C0D97A /* Build configuration list for PBXNativeTarget "ApprendreSwiftUIBasic" */;
			buildPhases = (
				9C39186E28BE4E3500C0D97A /* Sources */,
				9C39186F28BE4E3500C0D97A /* Frameworks */,
				9C39187028BE4E3500C0D97A /* Resources */,
			);
			buildRules = (
			);
			dependencies = (
			);
			name = ApprendreSwiftUIBasic;
			productName = ApprendreSwiftUIBasic;
			productReference = 9C39187228BE4E3500C0D97A /* ApprendreSwiftUIBasic.app */;
			productType = "com.apple.product-type.application";
		};
/* End PBXNativeTarget section */

/* Begin PBXProject section */
		9C39186A28BE4E3500C0D97A /* Project object */ = {
			isa = PBXProject;
			attributes = {
				BuildIndependentTargetsInParallel = 1;
				LastSwiftUpdateCheck = 1400;
				LastUpgradeCheck = 1400;
				TargetAttributes = {
					9C39187128BE4E3500C0D97A = {
						CreatedOnToolsVersion = 14.0;
					};
				};
			};
			buildConfigurationList = 9C39186D28BE4E3500C0D97A /* Build configuration list for PBXProject "ApprendreSwiftUIBasic" */;
			compatibilityVersion = "Xcode 14.0";
			developmentRegion = en;
			hasScannedForEncodings = 0;
			knownRegions = (
				en,
				Base,
			);
			mainGroup = 9C39186928BE4E3500C0D97A;
			productRefGroup = 9C39187328BE4E3500C0D97A /* Products */;
			projectDirPath = "";
			projectRoot = "";
			targets = (
				9C39187128BE4E3500C0D97A /* ApprendreSwiftUIBasic */,
			);
		};
/* End PBXProject section */

/* Begin PBXResourcesBuildPhase section */
		9C39187028BE4E3500C0D97A /* Resources */ = {
			isa = PBXResourcesBuildPhase;
			buildActionMask = 2147483647;
			files = (
				9C39187D28BE4E3600C0D97A /* Preview Assets.xcassets in Resources */,
				9C39189828BE4ED800C0D97A /* Times New Roman.ttf in Resources */,
				9C39187A28BE4E3600C0D97A /* Assets.xcassets in Resources */,
			);
			runOnlyForDeploymentPostprocessing = 0;
		};
/* End PBXResourcesBuildPhase section */

/* Begin PBXSourcesBuildPhase section */
		9C39186E28BE4E3500C0D97A /* Sources */ = {
			isa = PBXSourcesBuildPhase;
			buildActionMask = 2147483647;
			files = (
				9C39189228BE4E8900C0D97A /* PrevisionInfoView.swift in Sources */,
				9C39188D28BE4E8900C0D97A /* ShapeBasic.swift in Sources */,
				9C39188E28BE4E8900C0D97A /* TextBasic.swift in Sources */,
				9C3918A128BE4F3700C0D97A /* EpisodeDetailView.swift in Sources */,
				9C39189528BE4E8900C0D97A /* ColorBasic.swift in Sources */,
				9C39189028BE4E8900C0D97A /* ContainersBasic.swift in Sources */,
				9C39188F28BE4E8900C0D97A /* SFSymbolsBasic.swift in Sources */,
				9C39187828BE4E3500C0D97A /* ContentView.swift in Sources */,
				9C39189E28BE4F0000C0D97A /* Episode.swift in Sources */,
				9C39189128BE4E8900C0D97A /* ImageBasic.swift in Sources */,
				9C39189428BE4E8900C0D97A /* ForEachBasic.swift in Sources */,
				9C39189D28BE4F0000C0D97A /* WebView.swift in Sources */,
				9C39189328BE4E8900C0D97A /* Prevision.swift in Sources */,
				9C39187628BE4E3500C0D97A /* ApprendreSwiftUIBasicApp.swift in Sources */,
			);
			runOnlyForDeploymentPostprocessing = 0;
		};
/* End PBXSourcesBuildPhase section */

/* Begin XCBuildConfiguration section */
		9C39187E28BE4E3600C0D97A /* Debug */ = {
			isa = XCBuildConfiguration;
			buildSettings = {
				ALWAYS_SEARCH_USER_PATHS = NO;
				CLANG_ANALYZER_NONNULL = YES;
				CLANG_ANALYZER_NUMBER_OBJECT_CONVERSION = YES_AGGRESSIVE;
				CLANG_CXX_LANGUAGE_STANDARD = "gnu++20";
				CLANG_ENABLE_MODULES = YES;
				CLANG_ENABLE_OBJC_ARC = YES;
				CLANG_ENABLE_OBJC_WEAK = YES;
				CLANG_WARN_BLOCK_CAPTURE_AUTORELEASING = YES;
				CLANG_WARN_BOOL_CONVERSION = YES;
				CLANG_WARN_COMMA = YES;
				CLANG_WARN_CONSTANT_CONVERSION = YES;
				CLANG_WARN_DEPRECATED_OBJC_IMPLEMENTATIONS = YES;
				CLANG_WARN_DIRECT_OBJC_ISA_USAGE = YES_ERROR;
				CLANG_WARN_DOCUMENTATION_COMMENTS = YES;
				CLANG_WARN_EMPTY_BODY = YES;
				CLANG_WARN_ENUM_CONVERSION = YES;
				CLANG_WARN_INFINITE_RECURSION = YES;
				CLANG_WARN_INT_CONVERSION = YES;
				CLANG_WARN_NON_LITERAL_NULL_CONVERSION = YES;
				CLANG_WARN_OBJC_IMPLICIT_RETAIN_SELF = YES;
				CLANG_WARN_OBJC_LITERAL_CONVERSION = YES;
				CLANG_WARN_OBJC_ROOT_CLASS = YES_ERROR;
				CLANG_WARN_QUOTED_INCLUDE_IN_FRAMEWORK_HEADER = YES;
				CLANG_WARN_RANGE_LOOP_ANALYSIS = YES;
				CLANG_WARN_STRICT_PROTOTYPES = YES;
				CLANG_WARN_SUSPICIOUS_MOVE = YES;
				CLANG_WARN_UNGUARDED_AVAILABILITY = YES_AGGRESSIVE;
				CLANG_WARN_UNREACHABLE_CODE = YES;
				CLANG_WARN__DUPLICATE_METHOD_MATCH = YES;
				COPY_PHASE_STRIP = NO;
				DEBUG_INFORMATION_FORMAT = dwarf;
				ENABLE_STRICT_OBJC_MSGSEND = YES;
				ENABLE_TESTABILITY = YES;
				GCC_C_LANGUAGE_STANDARD = gnu11;
				GCC_DYNAMIC_NO_PIC = NO;
				GCC_NO_COMMON_BLOCKS = YES;
				GCC_OPTIMIZATION_LEVEL = 0;
				GCC_PREPROCESSOR_DEFINITIONS = (
					"DEBUG=1",
					"$(inherited)",
				);
				GCC_WARN_64_TO_32_BIT_CONVERSION = YES;
				GCC_WARN_ABOUT_RETURN_TYPE = YES_ERROR;
				GCC_WARN_UNDECLARED_SELECTOR = YES;
				GCC_WARN_UNINITIALIZED_AUTOS = YES_AGGRESSIVE;
				GCC_WARN_UNUSED_FUNCTION = YES;
				GCC_WARN_UNUSED_VARIABLE = YES;
				IPHONEOS_DEPLOYMENT_TARGET = 16.0;
				MTL_ENABLE_DEBUG_INFO = INCLUDE_SOURCE;
				MTL_FAST_MATH = YES;
				ONLY_ACTIVE_ARCH = YES;
				SDKROOT = iphoneos;
				SWIFT_ACTIVE_COMPILATION_CONDITIONS = DEBUG;
				SWIFT_OPTIMIZATION_LEVEL = "-Onone";
			};
			name = Debug;
		};
		9C39187F28BE4E3600C0D97A /* Release */ = {
			isa = XCBuildConfiguration;
			buildSettings = {
				ALWAYS_SEARCH_USER_PATHS = NO;
				CLANG_ANALYZER_NONNULL = YES;
				CLANG_ANALYZER_NUMBER_OBJECT_CONVERSION = YES_AGGRESSIVE;
				CLANG_CXX_LANGUAGE_STANDARD = "gnu++20";
				CLANG_ENABLE_MODULES = YES;
				CLANG_ENABLE_OBJC_ARC = YES;
				CLANG_ENABLE_OBJC_WEAK = YES;
				CLANG_WARN_BLOCK_CAPTURE_AUTORELEASING = YES;
				CLANG_WARN_BOOL_CONVERSION = YES;
				CLANG_WARN_COMMA = YES;
				CLANG_WARN_CONSTANT_CONVERSION = YES;
				CLANG_WARN_DEPRECATED_OBJC_IMPLEMENTATIONS = YES;
				CLANG_WARN_DIRECT_OBJC_ISA_USAGE = YES_ERROR;
				CLANG_WARN_DOCUMENTATION_COMMENTS = YES;
				CLANG_WARN_EMPTY_BODY = YES;
				CLANG_WARN_ENUM_CONVERSION = YES;
				CLANG_WARN_INFINITE_RECURSION = YES;
				CLANG_WARN_INT_CONVERSION = YES;
				CLANG_WARN_NON_LITERAL_NULL_CONVERSION = YES;
				CLANG_WARN_OBJC_IMPLICIT_RETAIN_SELF = YES;
				CLANG_WARN_OBJC_LITERAL_CONVERSION = YES;
				CLANG_WARN_OBJC_ROOT_CLASS = YES_ERROR;
				CLANG_WARN_QUOTED_INCLUDE_IN_FRAMEWORK_HEADER = YES;
				CLANG_WARN_RANGE_LOOP_ANALYSIS = YES;
				CLANG_WARN_STRICT_PROTOTYPES = YES;
				CLANG_WARN_SUSPICIOUS_MOVE = YES;
				CLANG_WARN_UNGUARDED_AVAILABILITY = YES_AGGRESSIVE;
				CLANG_WARN_UNREACHABLE_CODE = YES;
				CLANG_WARN__DUPLICATE_METHOD_MATCH = YES;
				COPY_PHASE_STRIP = NO;
				DEBUG_INFORMATION_FORMAT = "dwarf-with-dsym";
				ENABLE_NS_ASSERTIONS = NO;
				ENABLE_STRICT_OBJC_MSGSEND = YES;
				GCC_C_LANGUAGE_STANDARD = gnu11;
				GCC_NO_COMMON_BLOCKS = YES;
				GCC_WARN_64_TO_32_BIT_CONVERSION = YES;
				GCC_WARN_ABOUT_RETURN_TYPE = YES_ERROR;
				GCC_WARN_UNDECLARED_SELECTOR = YES;
				GCC_WARN_UNINITIALIZED_AUTOS = YES_AGGRESSIVE;
				GCC_WARN_UNUSED_FUNCTION = YES;
				GCC_WARN_UNUSED_VARIABLE = YES;
				IPHONEOS_DEPLOYMENT_TARGET = 16.0;
				MTL_ENABLE_DEBUG_INFO = NO;
				MTL_FAST_MATH = YES;
				SDKROOT = iphoneos;
				SWIFT_COMPILATION_MODE = wholemodule;
				SWIFT_OPTIMIZATION_LEVEL = "-O";
				VALIDATE_PRODUCT = YES;
			};
			name = Release;
		};
		9C39188128BE4E3600C0D97A /* Debug */ = {
			isa = XCBuildConfiguration;
			buildSettings = {
				ASSETCATALOG_COMPILER_APPICON_NAME = AppIcon;
				ASSETCATALOG_COMPILER_GLOBAL_ACCENT_COLOR_NAME = AccentColor;
				CODE_SIGN_STYLE = Automatic;
				CURRENT_PROJECT_VERSION = 1;
				DEVELOPMENT_ASSET_PATHS = "\"ApprendreSwiftUIBasic/Preview Content\"";
				ENABLE_PREVIEWS = YES;
				GENERATE_INFOPLIST_FILE = YES;
				INFOPLIST_KEY_UIApplicationSceneManifest_Generation = YES;
				INFOPLIST_KEY_UIApplicationSupportsIndirectInputEvents = YES;
				INFOPLIST_KEY_UILaunchScreen_Generation = YES;
				INFOPLIST_KEY_UISupportedInterfaceOrientations_iPad = "UIInterfaceOrientationPortrait UIInterfaceOrientationPortraitUpsideDown UIInterfaceOrientationLandscapeLeft UIInterfaceOrientationLandscapeRight";
				INFOPLIST_KEY_UISupportedInterfaceOrientations_iPhone = "UIInterfaceOrientationPortrait UIInterfaceOrientationLandscapeLeft UIInterfaceOrientationLandscapeRight";
				LD_RUNPATH_SEARCH_PATHS = (
					"$(inherited)",
					"@executable_path/Frameworks",
				);
				MARKETING_VERSION = 1.0;
				PRODUCT_BUNDLE_IDENTIFIER = com.maxime.ApprendreSwiftUIBasic;
				PRODUCT_NAME = "$(TARGET_NAME)";
				SWIFT_EMIT_LOC_STRINGS = YES;
				SWIFT_VERSION = 5.0;
				TARGETED_DEVICE_FAMILY = "1,2";
			};
			name = Debug;
		};
		9C39188228BE4E3600C0D97A /* Release */ = {
			isa = XCBuildConfiguration;
			buildSettings = {
				ASSETCATALOG_COMPILER_APPICON_NAME = AppIcon;
				ASSETCATALOG_COMPILER_GLOBAL_ACCENT_COLOR_NAME = AccentColor;
				CODE_SIGN_STYLE = Automatic;
				CURRENT_PROJECT_VERSION = 1;
				DEVELOPMENT_ASSET_PATHS = "\"ApprendreSwiftUIBasic/Preview Content\"";
				ENABLE_PREVIEWS = YES;
				GENERATE_INFOPLIST_FILE = YES;
				INFOPLIST_KEY_UIApplicationSceneManifest_Generation = YES;
				INFOPLIST_KEY_UIApplicationSupportsIndirectInputEvents = YES;
				INFOPLIST_KEY_UILaunchScreen_Generation = YES;
				INFOPLIST_KEY_UISupportedInterfaceOrientations_iPad = "UIInterfaceOrientationPortrait UIInterfaceOrientationPortraitUpsideDown UIInterfaceOrientationLandscapeLeft UIInterfaceOrientationLandscapeRight";
				INFOPLIST_KEY_UISupportedInterfaceOrientations_iPhone = "UIInterfaceOrientationPortrait UIInterfaceOrientationLandscapeLeft UIInterfaceOrientationLandscapeRight";
				LD_RUNPATH_SEARCH_PATHS = (
					"$(inherited)",
					"@executable_path/Frameworks",
				);
				MARKETING_VERSION = 1.0;
				PRODUCT_BUNDLE_IDENTIFIER = com.maxime.ApprendreSwiftUIBasic;
				PRODUCT_NAME = "$(TARGET_NAME)";
				SWIFT_EMIT_LOC_STRINGS = YES;
				SWIFT_VERSION = 5.0;
				TARGETED_DEVICE_FAMILY = "1,2";
			};
			name = Release;
		};
/* End XCBuildConfiguration section */

/* Begin XCConfigurationList section */
		9C39186D28BE4E3500C0D97A /* Build configuration list for PBXProject "ApprendreSwiftUIBasic" */ = {
			isa = XCConfigurationList;
			buildConfigurations = (
				9C39187E28BE4E3600C0D97A /* Debug */,
				9C39187F28BE4E3600C0D97A /* Release */,
			);
			defaultConfigurationIsVisible = 0;
			defaultConfigurationName = Release;
		};
		9C39188028BE4E3600C0D97A /* Build configuration list for PBXNativeTarget "ApprendreSwiftUIBasic" */ = {
			isa = XCConfigurationList;
			buildConfigurations = (
				9C39188128BE4E3600C0D97A /* Debug */,
				9C39188228BE4E3600C0D97A /* Release */,
			);
			defaultConfigurationIsVisible = 0;
			defaultConfigurationName = Release;
		};
/* End XCConfigurationList section */
	};
	rootObject = 9C39186A28BE4E3500C0D97A /* Project object */;
}
